// !$*UTF8*$!
{
	archiveVersion = 1;
	classes = {
	};
	objectVersion = 55;
	objects = {

/* Begin PBXBuildFile section */
		6E0F3336293A048F000E1945 /* ContainerViewAbout.swift in Sources */ = {isa = PBXBuildFile; fileRef = 6E0F3335293A048F000E1945 /* ContainerViewAbout.swift */; };
		6E0F3338293A04A3000E1945 /* ContainerViewReviews.swift in Sources */ = {isa = PBXBuildFile; fileRef = 6E0F3337293A04A3000E1945 /* ContainerViewReviews.swift */; };
		6E0F333A293A04AF000E1945 /* ContainerViewCast.swift in Sources */ = {isa = PBXBuildFile; fileRef = 6E0F3339293A04AF000E1945 /* ContainerViewCast.swift */; };
		6E0F333E293A0746000E1945 /* ReviewCell.swift in Sources */ = {isa = PBXBuildFile; fileRef = 6E0F333C293A0746000E1945 /* ReviewCell.swift */; };
		6E0F333F293A0746000E1945 /* ReviewCell.xib in Resources */ = {isa = PBXBuildFile; fileRef = 6E0F333D293A0746000E1945 /* ReviewCell.xib */; };
		6E0F3343293A0AE3000E1945 /* CastCell.swift in Sources */ = {isa = PBXBuildFile; fileRef = 6E0F3341293A0AE3000E1945 /* CastCell.swift */; };
		6E0F3344293A0AE3000E1945 /* CastCell.xib in Resources */ = {isa = PBXBuildFile; fileRef = 6E0F3342293A0AE3000E1945 /* CastCell.xib */; };
		6E0F3347293A5A19000E1945 /* DetailModel.swift in Sources */ = {isa = PBXBuildFile; fileRef = 6E0F3346293A5A19000E1945 /* DetailModel.swift */; };
		6EFE99582936814D009D3569 /* AppDelegate.swift in Sources */ = {isa = PBXBuildFile; fileRef = 6EFE99572936814D009D3569 /* AppDelegate.swift */; };
		6EFE995A2936814D009D3569 /* SceneDelegate.swift in Sources */ = {isa = PBXBuildFile; fileRef = 6EFE99592936814D009D3569 /* SceneDelegate.swift */; };
		6EFE995C2936814D009D3569 /* MainVC.swift in Sources */ = {isa = PBXBuildFile; fileRef = 6EFE995B2936814D009D3569 /* MainVC.swift */; };
		6EFE995F2936814D009D3569 /* Main.storyboard in Resources */ = {isa = PBXBuildFile; fileRef = 6EFE995D2936814D009D3569 /* Main.storyboard */; };
		6EFE99612936814E009D3569 /* Assets.xcassets in Resources */ = {isa = PBXBuildFile; fileRef = 6EFE99602936814E009D3569 /* Assets.xcassets */; };
		6EFE99642936814E009D3569 /* LaunchScreen.storyboard in Resources */ = {isa = PBXBuildFile; fileRef = 6EFE99622936814E009D3569 /* LaunchScreen.storyboard */; };
		6EFE996C2936A550009D3569 /* DetailVC.swift in Sources */ = {isa = PBXBuildFile; fileRef = 6EFE996B2936A550009D3569 /* DetailVC.swift */; };
		6EFE997129376ACC009D3569 /* SearchVC.swift in Sources */ = {isa = PBXBuildFile; fileRef = 6EFE997029376ACC009D3569 /* SearchVC.swift */; };
		6EFE997329376AD8009D3569 /* WatchListVC.swift in Sources */ = {isa = PBXBuildFile; fileRef = 6EFE997229376AD8009D3569 /* WatchListVC.swift */; };
		6EFE997A29376B34009D3569 /* TopCell.swift in Sources */ = {isa = PBXBuildFile; fileRef = 6EFE997829376B34009D3569 /* TopCell.swift */; };
		6EFE997B29376B34009D3569 /* TopCell.xib in Resources */ = {isa = PBXBuildFile; fileRef = 6EFE997929376B34009D3569 /* TopCell.xib */; };
		6EFE997E29376B41009D3569 /* BottomCell.swift in Sources */ = {isa = PBXBuildFile; fileRef = 6EFE997C29376B41009D3569 /* BottomCell.swift */; };
		6EFE997F29376B41009D3569 /* BottomCell.xib in Resources */ = {isa = PBXBuildFile; fileRef = 6EFE997D29376B41009D3569 /* BottomCell.xib */; };
		6EFE998829376BB8009D3569 /* MainModel.swift in Sources */ = {isa = PBXBuildFile; fileRef = 6EFE998729376BB8009D3569 /* MainModel.swift */; };
		6EFE998A29376BC0009D3569 /* MainVM.swift in Sources */ = {isa = PBXBuildFile; fileRef = 6EFE998929376BC0009D3569 /* MainVM.swift */; };
		6EFE998F29376CDC009D3569 /* SearchCell.swift in Sources */ = {isa = PBXBuildFile; fileRef = 6EFE998D29376CDC009D3569 /* SearchCell.swift */; };
		6EFE999029376CDC009D3569 /* SearchCell.xib in Resources */ = {isa = PBXBuildFile; fileRef = 6EFE998E29376CDC009D3569 /* SearchCell.xib */; };
		6EFE999329376CED009D3569 /* WatchListCell.swift in Sources */ = {isa = PBXBuildFile; fileRef = 6EFE999129376CED009D3569 /* WatchListCell.swift */; };
		6EFE999429376CED009D3569 /* WatchListCell.xib in Resources */ = {isa = PBXBuildFile; fileRef = 6EFE999229376CED009D3569 /* WatchListCell.xib */; };
		6EFE999629376D0B009D3569 /* SearchModel.swift in Sources */ = {isa = PBXBuildFile; fileRef = 6EFE999529376D0B009D3569 /* SearchModel.swift */; };
		6EFE999829376D15009D3569 /* SearchVM.swift in Sources */ = {isa = PBXBuildFile; fileRef = 6EFE999729376D15009D3569 /* SearchVM.swift */; };
		6EFE999A29376D2E009D3569 /* WatchListModel.swift in Sources */ = {isa = PBXBuildFile; fileRef = 6EFE999929376D2E009D3569 /* WatchListModel.swift */; };
		6EFE999C29376D37009D3569 /* WatchListVM.swift in Sources */ = {isa = PBXBuildFile; fileRef = 6EFE999B29376D37009D3569 /* WatchListVM.swift */; };
		6EFE999F2937777C009D3569 /* NetworkManager.swift in Sources */ = {isa = PBXBuildFile; fileRef = 6EFE999E2937777C009D3569 /* NetworkManager.swift */; };
		6EFE99A229377F5E009D3569 /* NetworkHelper.swift in Sources */ = {isa = PBXBuildFile; fileRef = 6EFE99A129377F5E009D3569 /* NetworkHelper.swift */; };
		6EFE99A5293780F4009D3569 /* TopRatedManager.swift in Sources */ = {isa = PBXBuildFile; fileRef = 6EFE99A4293780F4009D3569 /* TopRatedManager.swift */; };
		6EFE99A8293787F6009D3569 /* PopularManager.swift in Sources */ = {isa = PBXBuildFile; fileRef = 6EFE99A7293787F6009D3569 /* PopularManager.swift */; };
		6EFE99AB29378A86009D3569 /* Kingfisher in Frameworks */ = {isa = PBXBuildFile; productRef = 6EFE99AA29378A86009D3569 /* Kingfisher */; };
/* End PBXBuildFile section */

/* Begin PBXFileReference section */
		6E0F3335293A048F000E1945 /* ContainerViewAbout.swift */ = {isa = PBXFileReference; lastKnownFileType = sourcecode.swift; path = ContainerViewAbout.swift; sourceTree = "<group>"; };
		6E0F3337293A04A3000E1945 /* ContainerViewReviews.swift */ = {isa = PBXFileReference; lastKnownFileType = sourcecode.swift; path = ContainerViewReviews.swift; sourceTree = "<group>"; };
		6E0F3339293A04AF000E1945 /* ContainerViewCast.swift */ = {isa = PBXFileReference; lastKnownFileType = sourcecode.swift; path = ContainerViewCast.swift; sourceTree = "<group>"; };
		6E0F333C293A0746000E1945 /* ReviewCell.swift */ = {isa = PBXFileReference; lastKnownFileType = sourcecode.swift; path = ReviewCell.swift; sourceTree = "<group>"; };
		6E0F333D293A0746000E1945 /* ReviewCell.xib */ = {isa = PBXFileReference; lastKnownFileType = file.xib; path = ReviewCell.xib; sourceTree = "<group>"; };
		6E0F3341293A0AE3000E1945 /* CastCell.swift */ = {isa = PBXFileReference; lastKnownFileType = sourcecode.swift; path = CastCell.swift; sourceTree = "<group>"; };
		6E0F3342293A0AE3000E1945 /* CastCell.xib */ = {isa = PBXFileReference; lastKnownFileType = file.xib; path = CastCell.xib; sourceTree = "<group>"; };
		6E0F3346293A5A19000E1945 /* DetailModel.swift */ = {isa = PBXFileReference; lastKnownFileType = sourcecode.swift; path = DetailModel.swift; sourceTree = "<group>"; };
		6EFE99542936814D009D3569 /* Movieva.app */ = {isa = PBXFileReference; explicitFileType = wrapper.application; includeInIndex = 0; path = Movieva.app; sourceTree = BUILT_PRODUCTS_DIR; };
		6EFE99572936814D009D3569 /* AppDelegate.swift */ = {isa = PBXFileReference; lastKnownFileType = sourcecode.swift; path = AppDelegate.swift; sourceTree = "<group>"; };
		6EFE99592936814D009D3569 /* SceneDelegate.swift */ = {isa = PBXFileReference; lastKnownFileType = sourcecode.swift; path = SceneDelegate.swift; sourceTree = "<group>"; };
		6EFE995B2936814D009D3569 /* MainVC.swift */ = {isa = PBXFileReference; lastKnownFileType = sourcecode.swift; path = MainVC.swift; sourceTree = "<group>"; };
		6EFE995E2936814D009D3569 /* Base */ = {isa = PBXFileReference; lastKnownFileType = file.storyboard; name = Base; path = Base.lproj/Main.storyboard; sourceTree = "<group>"; };
		6EFE99602936814E009D3569 /* Assets.xcassets */ = {isa = PBXFileReference; lastKnownFileType = folder.assetcatalog; path = Assets.xcassets; sourceTree = "<group>"; };
		6EFE99632936814E009D3569 /* Base */ = {isa = PBXFileReference; lastKnownFileType = file.storyboard; name = Base; path = Base.lproj/LaunchScreen.storyboard; sourceTree = "<group>"; };
		6EFE99652936814E009D3569 /* Info.plist */ = {isa = PBXFileReference; lastKnownFileType = text.plist.xml; path = Info.plist; sourceTree = "<group>"; };
		6EFE996B2936A550009D3569 /* DetailVC.swift */ = {isa = PBXFileReference; lastKnownFileType = sourcecode.swift; path = DetailVC.swift; sourceTree = "<group>"; };
		6EFE997029376ACC009D3569 /* SearchVC.swift */ = {isa = PBXFileReference; lastKnownFileType = sourcecode.swift; path = SearchVC.swift; sourceTree = "<group>"; };
		6EFE997229376AD8009D3569 /* WatchListVC.swift */ = {isa = PBXFileReference; lastKnownFileType = sourcecode.swift; path = WatchListVC.swift; sourceTree = "<group>"; };
		6EFE997829376B34009D3569 /* TopCell.swift */ = {isa = PBXFileReference; lastKnownFileType = sourcecode.swift; path = TopCell.swift; sourceTree = "<group>"; };
		6EFE997929376B34009D3569 /* TopCell.xib */ = {isa = PBXFileReference; lastKnownFileType = file.xib; path = TopCell.xib; sourceTree = "<group>"; };
		6EFE997C29376B41009D3569 /* BottomCell.swift */ = {isa = PBXFileReference; lastKnownFileType = sourcecode.swift; path = BottomCell.swift; sourceTree = "<group>"; };
		6EFE997D29376B41009D3569 /* BottomCell.xib */ = {isa = PBXFileReference; lastKnownFileType = file.xib; path = BottomCell.xib; sourceTree = "<group>"; };
		6EFE998729376BB8009D3569 /* MainModel.swift */ = {isa = PBXFileReference; lastKnownFileType = sourcecode.swift; path = MainModel.swift; sourceTree = "<group>"; };
		6EFE998929376BC0009D3569 /* MainVM.swift */ = {isa = PBXFileReference; lastKnownFileType = sourcecode.swift; path = MainVM.swift; sourceTree = "<group>"; };
		6EFE998D29376CDC009D3569 /* SearchCell.swift */ = {isa = PBXFileReference; lastKnownFileType = sourcecode.swift; path = SearchCell.swift; sourceTree = "<group>"; };
		6EFE998E29376CDC009D3569 /* SearchCell.xib */ = {isa = PBXFileReference; lastKnownFileType = file.xib; path = SearchCell.xib; sourceTree = "<group>"; };
		6EFE999129376CED009D3569 /* WatchListCell.swift */ = {isa = PBXFileReference; lastKnownFileType = sourcecode.swift; path = WatchListCell.swift; sourceTree = "<group>"; };
		6EFE999229376CED009D3569 /* WatchListCell.xib */ = {isa = PBXFileReference; lastKnownFileType = file.xib; path = WatchListCell.xib; sourceTree = "<group>"; };
		6EFE999529376D0B009D3569 /* SearchModel.swift */ = {isa = PBXFileReference; lastKnownFileType = sourcecode.swift; path = SearchModel.swift; sourceTree = "<group>"; };
		6EFE999729376D15009D3569 /* SearchVM.swift */ = {isa = PBXFileReference; lastKnownFileType = sourcecode.swift; path = SearchVM.swift; sourceTree = "<group>"; };
		6EFE999929376D2E009D3569 /* WatchListModel.swift */ = {isa = PBXFileReference; lastKnownFileType = sourcecode.swift; path = WatchListModel.swift; sourceTree = "<group>"; };
		6EFE999B29376D37009D3569 /* WatchListVM.swift */ = {isa = PBXFileReference; lastKnownFileType = sourcecode.swift; path = WatchListVM.swift; sourceTree = "<group>"; };
		6EFE999E2937777C009D3569 /* NetworkManager.swift */ = {isa = PBXFileReference; lastKnownFileType = sourcecode.swift; path = NetworkManager.swift; sourceTree = "<group>"; };
		6EFE99A129377F5E009D3569 /* NetworkHelper.swift */ = {isa = PBXFileReference; lastKnownFileType = sourcecode.swift; path = NetworkHelper.swift; sourceTree = "<group>"; };
		6EFE99A4293780F4009D3569 /* TopRatedManager.swift */ = {isa = PBXFileReference; lastKnownFileType = sourcecode.swift; path = TopRatedManager.swift; sourceTree = "<group>"; };
		6EFE99A7293787F6009D3569 /* PopularManager.swift */ = {isa = PBXFileReference; lastKnownFileType = sourcecode.swift; path = PopularManager.swift; sourceTree = "<group>"; };
/* End PBXFileReference section */

/* Begin PBXFrameworksBuildPhase section */
		6EFE99512936814D009D3569 /* Frameworks */ = {
			isa = PBXFrameworksBuildPhase;
			buildActionMask = 2147483647;
			files = (
				6EFE99AB29378A86009D3569 /* Kingfisher in Frameworks */,
			);
			runOnlyForDeploymentPostprocessing = 0;
		};
/* End PBXFrameworksBuildPhase section */

/* Begin PBXGroup section */
		6E0F332E293A03E4000E1945 /* Containers */ = {
			isa = PBXGroup;
			children = (
				6E0F3340293A0AB6000E1945 /* CastCollectionViewCell */,
				6E0F333B293A0730000E1945 /* ReviewTableViewCell */,
				6E0F3335293A048F000E1945 /* ContainerViewAbout.swift */,
				6E0F3337293A04A3000E1945 /* ContainerViewReviews.swift */,
				6E0F3339293A04AF000E1945 /* ContainerViewCast.swift */,
			);
			path = Containers;
			sourceTree = "<group>";
		};
		6E0F333B293A0730000E1945 /* ReviewTableViewCell */ = {
			isa = PBXGroup;
			children = (
				6E0F333C293A0746000E1945 /* ReviewCell.swift */,
				6E0F333D293A0746000E1945 /* ReviewCell.xib */,
			);
			path = ReviewTableViewCell;
			sourceTree = "<group>";
		};
		6E0F3340293A0AB6000E1945 /* CastCollectionViewCell */ = {
			isa = PBXGroup;
			children = (
				6E0F3341293A0AE3000E1945 /* CastCell.swift */,
				6E0F3342293A0AE3000E1945 /* CastCell.xib */,
			);
			path = CastCollectionViewCell;
			sourceTree = "<group>";
		};
		6E0F3345293A5A0A000E1945 /* Model */ = {
			isa = PBXGroup;
			children = (
				6E0F3346293A5A19000E1945 /* DetailModel.swift */,
			);
			path = Model;
			sourceTree = "<group>";
		};
		6EFE994B2936814D009D3569 = {
			isa = PBXGroup;
			children = (
				6EFE99562936814D009D3569 /* Movieva */,
				6EFE99552936814D009D3569 /* Products */,
			);
			sourceTree = "<group>";
		};
		6EFE99552936814D009D3569 /* Products */ = {
			isa = PBXGroup;
			children = (
				6EFE99542936814D009D3569 /* Movieva.app */,
			);
			name = Products;
			sourceTree = "<group>";
		};
		6EFE99562936814D009D3569 /* Movieva */ = {
			isa = PBXGroup;
			children = (
				6EFE999D29377771009D3569 /* Network */,
				6EFE996D29376A99009D3569 /* Main */,
				6EFE996E29376AA2009D3569 /* Search */,
				6EFE996F29376AA7009D3569 /* WatchList */,
				6EFE998629376B8B009D3569 /* Detail */,
				6EFE99572936814D009D3569 /* AppDelegate.swift */,
				6EFE99592936814D009D3569 /* SceneDelegate.swift */,
				6EFE995D2936814D009D3569 /* Main.storyboard */,
				6EFE99602936814E009D3569 /* Assets.xcassets */,
				6EFE99622936814E009D3569 /* LaunchScreen.storyboard */,
				6EFE99652936814E009D3569 /* Info.plist */,
			);
			path = Movieva;
			sourceTree = "<group>";
		};
		6EFE996D29376A99009D3569 /* Main */ = {
			isa = PBXGroup;
			children = (
				6EFE998229376B6D009D3569 /* Model */,
				6EFE998029376B58009D3569 /* View */,
				6EFE998129376B67009D3569 /* ViewModel */,
			);
			path = Main;
			sourceTree = "<group>";
		};
		6EFE996E29376AA2009D3569 /* Search */ = {
			isa = PBXGroup;
			children = (
				6EFE998529376B7E009D3569 /* Model */,
				6EFE998329376B74009D3569 /* View */,
				6EFE998429376B7A009D3569 /* ViewModel */,
			);
			path = Search;
			sourceTree = "<group>";
		};
		6EFE996F29376AA7009D3569 /* WatchList */ = {
			isa = PBXGroup;
			children = (
				6EFE997629376AF8009D3569 /* Model */,
				6EFE997429376ADF009D3569 /* View */,
				6EFE997529376AE3009D3569 /* ViewModel */,
			);
			path = WatchList;
			sourceTree = "<group>";
		};
		6EFE997429376ADF009D3569 /* View */ = {
			isa = PBXGroup;
			children = (
				6EFE997229376AD8009D3569 /* WatchListVC.swift */,
				6EFE998C29376CC1009D3569 /* Cell */,
			);
			path = View;
			sourceTree = "<group>";
		};
		6EFE997529376AE3009D3569 /* ViewModel */ = {
			isa = PBXGroup;
			children = (
				6EFE999B29376D37009D3569 /* WatchListVM.swift */,
			);
			path = ViewModel;
			sourceTree = "<group>";
		};
		6EFE997629376AF8009D3569 /* Model */ = {
			isa = PBXGroup;
			children = (
				6EFE999929376D2E009D3569 /* WatchListModel.swift */,
			);
			path = Model;
			sourceTree = "<group>";
		};
		6EFE997729376B08009D3569 /* Cell */ = {
			isa = PBXGroup;
			children = (
				6EFE997829376B34009D3569 /* TopCell.swift */,
				6EFE997929376B34009D3569 /* TopCell.xib */,
				6EFE997C29376B41009D3569 /* BottomCell.swift */,
				6EFE997D29376B41009D3569 /* BottomCell.xib */,
			);
			path = Cell;
			sourceTree = "<group>";
		};
		6EFE998029376B58009D3569 /* View */ = {
			isa = PBXGroup;
			children = (
				6EFE995B2936814D009D3569 /* MainVC.swift */,
				6EFE997729376B08009D3569 /* Cell */,
			);
			path = View;
			sourceTree = "<group>";
		};
		6EFE998129376B67009D3569 /* ViewModel */ = {
			isa = PBXGroup;
			children = (
				6EFE998929376BC0009D3569 /* MainVM.swift */,
			);
			path = ViewModel;
			sourceTree = "<group>";
		};
		6EFE998229376B6D009D3569 /* Model */ = {
			isa = PBXGroup;
			children = (
				6EFE998729376BB8009D3569 /* MainModel.swift */,
			);
			path = Model;
			sourceTree = "<group>";
		};
		6EFE998329376B74009D3569 /* View */ = {
			isa = PBXGroup;
			children = (
				6EFE997029376ACC009D3569 /* SearchVC.swift */,
				6EFE998B29376CBA009D3569 /* Cell */,
			);
			path = View;
			sourceTree = "<group>";
		};
		6EFE998429376B7A009D3569 /* ViewModel */ = {
			isa = PBXGroup;
			children = (
				6EFE999729376D15009D3569 /* SearchVM.swift */,
			);
			path = ViewModel;
			sourceTree = "<group>";
		};
		6EFE998529376B7E009D3569 /* Model */ = {
			isa = PBXGroup;
			children = (
				6EFE999529376D0B009D3569 /* SearchModel.swift */,
			);
			path = Model;
			sourceTree = "<group>";
		};
		6EFE998629376B8B009D3569 /* Detail */ = {
			isa = PBXGroup;
			children = (
				6E0F3345293A5A0A000E1945 /* Model */,
				6E0F332E293A03E4000E1945 /* Containers */,
				6EFE996B2936A550009D3569 /* DetailVC.swift */,
			);
			path = Detail;
			sourceTree = "<group>";
		};
		6EFE998B29376CBA009D3569 /* Cell */ = {
			isa = PBXGroup;
			children = (
				6EFE998D29376CDC009D3569 /* SearchCell.swift */,
				6EFE998E29376CDC009D3569 /* SearchCell.xib */,
			);
			path = Cell;
			sourceTree = "<group>";
		};
		6EFE998C29376CC1009D3569 /* Cell */ = {
			isa = PBXGroup;
			children = (
				6EFE999129376CED009D3569 /* WatchListCell.swift */,
				6EFE999229376CED009D3569 /* WatchListCell.xib */,
			);
			path = Cell;
			sourceTree = "<group>";
		};
		6EFE999D29377771009D3569 /* Network */ = {
			isa = PBXGroup;
			children = (
				6EFE99A6293787EB009D3569 /* Popular */,
				6EFE99A3293780E9009D3569 /* TopRated */,
				6EFE999E2937777C009D3569 /* NetworkManager.swift */,
				6EFE99A129377F5E009D3569 /* NetworkHelper.swift */,
			);
			path = Network;
			sourceTree = "<group>";
		};
		6EFE99A3293780E9009D3569 /* TopRated */ = {
			isa = PBXGroup;
			children = (
				6EFE99A4293780F4009D3569 /* TopRatedManager.swift */,
			);
			path = TopRated;
			sourceTree = "<group>";
		};
		6EFE99A6293787EB009D3569 /* Popular */ = {
			isa = PBXGroup;
			children = (
				6EFE99A7293787F6009D3569 /* PopularManager.swift */,
			);
			path = Popular;
			sourceTree = "<group>";
		};
/* End PBXGroup section */

/* Begin PBXNativeTarget section */
		6EFE99532936814D009D3569 /* Movieva */ = {
			isa = PBXNativeTarget;
			buildConfigurationList = 6EFE99682936814E009D3569 /* Build configuration list for PBXNativeTarget "Movieva" */;
			buildPhases = (
				6EFE99502936814D009D3569 /* Sources */,
				6EFE99512936814D009D3569 /* Frameworks */,
				6EFE99522936814D009D3569 /* Resources */,
			);
			buildRules = (
			);
			dependencies = (
			);
			name = Movieva;
			packageProductDependencies = (
				6EFE99AA29378A86009D3569 /* Kingfisher */,
			);
			productName = Movieva;
			productReference = 6EFE99542936814D009D3569 /* Movieva.app */;
			productType = "com.apple.product-type.application";
		};
/* End PBXNativeTarget section */

/* Begin PBXProject section */
		6EFE994C2936814D009D3569 /* Project object */ = {
			isa = PBXProject;
			attributes = {
				BuildIndependentTargetsInParallel = 1;
				LastSwiftUpdateCheck = 1340;
				LastUpgradeCheck = 1340;
				TargetAttributes = {
					6EFE99532936814D009D3569 = {
						CreatedOnToolsVersion = 13.4.1;
					};
				};
			};
			buildConfigurationList = 6EFE994F2936814D009D3569 /* Build configuration list for PBXProject "Movieva" */;
			compatibilityVersion = "Xcode 13.0";
			developmentRegion = en;
			hasScannedForEncodings = 0;
			knownRegions = (
				en,
				Base,
			);
			mainGroup = 6EFE994B2936814D009D3569;
			packageReferences = (
				6EFE99A929378A86009D3569 /* XCRemoteSwiftPackageReference "Kingfisher" */,
			);
			productRefGroup = 6EFE99552936814D009D3569 /* Products */;
			projectDirPath = "";
			projectRoot = "";
			targets = (
				6EFE99532936814D009D3569 /* Movieva */,
			);
		};
/* End PBXProject section */

/* Begin PBXResourcesBuildPhase section */
		6EFE99522936814D009D3569 /* Resources */ = {
			isa = PBXResourcesBuildPhase;
			buildActionMask = 2147483647;
			files = (
				6EFE99642936814E009D3569 /* LaunchScreen.storyboard in Resources */,
				6E0F3344293A0AE3000E1945 /* CastCell.xib in Resources */,
				6E0F333F293A0746000E1945 /* ReviewCell.xib in Resources */,
				6EFE999429376CED009D3569 /* WatchListCell.xib in Resources */,
				6EFE99612936814E009D3569 /* Assets.xcassets in Resources */,
				6EFE997F29376B41009D3569 /* BottomCell.xib in Resources */,
				6EFE999029376CDC009D3569 /* SearchCell.xib in Resources */,
				6EFE995F2936814D009D3569 /* Main.storyboard in Resources */,
				6EFE997B29376B34009D3569 /* TopCell.xib in Resources */,
			);
			runOnlyForDeploymentPostprocessing = 0;
		};
/* End PBXResourcesBuildPhase section */

/* Begin PBXSourcesBuildPhase section */
		6EFE99502936814D009D3569 /* Sources */ = {
			isa = PBXSourcesBuildPhase;
			buildActionMask = 2147483647;
			files = (
				6EFE999629376D0B009D3569 /* SearchModel.swift in Sources */,
				6E0F3336293A048F000E1945 /* ContainerViewAbout.swift in Sources */,
				6EFE997E29376B41009D3569 /* BottomCell.swift in Sources */,
				6EFE999C29376D37009D3569 /* WatchListVM.swift in Sources */,
				6E0F333A293A04AF000E1945 /* ContainerViewCast.swift in Sources */,
				6EFE998F29376CDC009D3569 /* SearchCell.swift in Sources */,
				6EFE997329376AD8009D3569 /* WatchListVC.swift in Sources */,
				6EFE99A8293787F6009D3569 /* PopularManager.swift in Sources */,
				6EFE995C2936814D009D3569 /* MainVC.swift in Sources */,
				6E0F3343293A0AE3000E1945 /* CastCell.swift in Sources */,
				6EFE997129376ACC009D3569 /* SearchVC.swift in Sources */,
				6EFE996C2936A550009D3569 /* DetailVC.swift in Sources */,
				6EFE998A29376BC0009D3569 /* MainVM.swift in Sources */,
				6EFE998829376BB8009D3569 /* MainModel.swift in Sources */,
				6E0F3347293A5A19000E1945 /* DetailModel.swift in Sources */,
				6E0F333E293A0746000E1945 /* ReviewCell.swift in Sources */,
				6EFE99A229377F5E009D3569 /* NetworkHelper.swift in Sources */,
				6EFE99A5293780F4009D3569 /* TopRatedManager.swift in Sources */,
				6EFE999F2937777C009D3569 /* NetworkManager.swift in Sources */,
				6EFE99582936814D009D3569 /* AppDelegate.swift in Sources */,
				6EFE999329376CED009D3569 /* WatchListCell.swift in Sources */,
				6EFE999A29376D2E009D3569 /* WatchListModel.swift in Sources */,
				6E0F3338293A04A3000E1945 /* ContainerViewReviews.swift in Sources */,
				6EFE997A29376B34009D3569 /* TopCell.swift in Sources */,
				6EFE999829376D15009D3569 /* SearchVM.swift in Sources */,
				6EFE995A2936814D009D3569 /* SceneDelegate.swift in Sources */,
			);
			runOnlyForDeploymentPostprocessing = 0;
		};
/* End PBXSourcesBuildPhase section */

/* Begin PBXVariantGroup section */
		6EFE995D2936814D009D3569 /* Main.storyboard */ = {
			isa = PBXVariantGroup;
			children = (
				6EFE995E2936814D009D3569 /* Base */,
			);
			name = Main.storyboard;
			sourceTree = "<group>";
		};
		6EFE99622936814E009D3569 /* LaunchScreen.storyboard */ = {
			isa = PBXVariantGroup;
			children = (
				6EFE99632936814E009D3569 /* Base */,
			);
			name = LaunchScreen.storyboard;
			sourceTree = "<group>";
		};
/* End PBXVariantGroup section */

/* Begin XCBuildConfiguration section */
		6EFE99662936814E009D3569 /* Debug */ = {
			isa = XCBuildConfiguration;
			buildSettings = {
				ALWAYS_SEARCH_USER_PATHS = NO;
				CLANG_ANALYZER_NONNULL = YES;
				CLANG_ANALYZER_NUMBER_OBJECT_CONVERSION = YES_AGGRESSIVE;
				CLANG_CXX_LANGUAGE_STANDARD = "gnu++17";
				CLANG_ENABLE_MODULES = YES;
				CLANG_ENABLE_OBJC_ARC = YES;
				CLANG_ENABLE_OBJC_WEAK = YES;
				CLANG_WARN_BLOCK_CAPTURE_AUTORELEASING = YES;
				CLANG_WARN_BOOL_CONVERSION = YES;
				CLANG_WARN_COMMA = YES;
				CLANG_WARN_CONSTANT_CONVERSION = YES;
				CLANG_WARN_DEPRECATED_OBJC_IMPLEMENTATIONS = YES;
				CLANG_WARN_DIRECT_OBJC_ISA_USAGE = YES_ERROR;
				CLANG_WARN_DOCUMENTATION_COMMENTS = YES;
				CLANG_WARN_EMPTY_BODY = YES;
				CLANG_WARN_ENUM_CONVERSION = YES;
				CLANG_WARN_INFINITE_RECURSION = YES;
				CLANG_WARN_INT_CONVERSION = YES;
				CLANG_WARN_NON_LITERAL_NULL_CONVERSION = YES;
				CLANG_WARN_OBJC_IMPLICIT_RETAIN_SELF = YES;
				CLANG_WARN_OBJC_LITERAL_CONVERSION = YES;
				CLANG_WARN_OBJC_ROOT_CLASS = YES_ERROR;
				CLANG_WARN_QUOTED_INCLUDE_IN_FRAMEWORK_HEADER = YES;
				CLANG_WARN_RANGE_LOOP_ANALYSIS = YES;
				CLANG_WARN_STRICT_PROTOTYPES = YES;
				CLANG_WARN_SUSPICIOUS_MOVE = YES;
				CLANG_WARN_UNGUARDED_AVAILABILITY = YES_AGGRESSIVE;
				CLANG_WARN_UNREACHABLE_CODE = YES;
				CLANG_WARN__DUPLICATE_METHOD_MATCH = YES;
				COPY_PHASE_STRIP = NO;
				DEBUG_INFORMATION_FORMAT = dwarf;
				ENABLE_STRICT_OBJC_MSGSEND = YES;
				ENABLE_TESTABILITY = YES;
				GCC_C_LANGUAGE_STANDARD = gnu11;
				GCC_DYNAMIC_NO_PIC = NO;
				GCC_NO_COMMON_BLOCKS = YES;
				GCC_OPTIMIZATION_LEVEL = 0;
				GCC_PREPROCESSOR_DEFINITIONS = (
					"DEBUG=1",
					"$(inherited)",
				);
				GCC_WARN_64_TO_32_BIT_CONVERSION = YES;
				GCC_WARN_ABOUT_RETURN_TYPE = YES_ERROR;
				GCC_WARN_UNDECLARED_SELECTOR = YES;
				GCC_WARN_UNINITIALIZED_AUTOS = YES_AGGRESSIVE;
				GCC_WARN_UNUSED_FUNCTION = YES;
				GCC_WARN_UNUSED_VARIABLE = YES;
				IPHONEOS_DEPLOYMENT_TARGET = 15.5;
				MTL_ENABLE_DEBUG_INFO = INCLUDE_SOURCE;
				MTL_FAST_MATH = YES;
				ONLY_ACTIVE_ARCH = YES;
				SDKROOT = iphoneos;
				SWIFT_ACTIVE_COMPILATION_CONDITIONS = DEBUG;
				SWIFT_OPTIMIZATION_LEVEL = "-Onone";
			};
			name = Debug;
		};
		6EFE99672936814E009D3569 /* Release */ = {
			isa = XCBuildConfiguration;
			buildSettings = {
				ALWAYS_SEARCH_USER_PATHS = NO;
				CLANG_ANALYZER_NONNULL = YES;
				CLANG_ANALYZER_NUMBER_OBJECT_CONVERSION = YES_AGGRESSIVE;
				CLANG_CXX_LANGUAGE_STANDARD = "gnu++17";
				CLANG_ENABLE_MODULES = YES;
				CLANG_ENABLE_OBJC_ARC = YES;
				CLANG_ENABLE_OBJC_WEAK = YES;
				CLANG_WARN_BLOCK_CAPTURE_AUTORELEASING = YES;
				CLANG_WARN_BOOL_CONVERSION = YES;
				CLANG_WARN_COMMA = YES;
				CLANG_WARN_CONSTANT_CONVERSION = YES;
				CLANG_WARN_DEPRECATED_OBJC_IMPLEMENTATIONS = YES;
				CLANG_WARN_DIRECT_OBJC_ISA_USAGE = YES_ERROR;
				CLANG_WARN_DOCUMENTATION_COMMENTS = YES;
				CLANG_WARN_EMPTY_BODY = YES;
				CLANG_WARN_ENUM_CONVERSION = YES;
				CLANG_WARN_INFINITE_RECURSION = YES;
				CLANG_WARN_INT_CONVERSION = YES;
				CLANG_WARN_NON_LITERAL_NULL_CONVERSION = YES;
				CLANG_WARN_OBJC_IMPLICIT_RETAIN_SELF = YES;
				CLANG_WARN_OBJC_LITERAL_CONVERSION = YES;
				CLANG_WARN_OBJC_ROOT_CLASS = YES_ERROR;
				CLANG_WARN_QUOTED_INCLUDE_IN_FRAMEWORK_HEADER = YES;
				CLANG_WARN_RANGE_LOOP_ANALYSIS = YES;
				CLANG_WARN_STRICT_PROTOTYPES = YES;
				CLANG_WARN_SUSPICIOUS_MOVE = YES;
				CLANG_WARN_UNGUARDED_AVAILABILITY = YES_AGGRESSIVE;
				CLANG_WARN_UNREACHABLE_CODE = YES;
				CLANG_WARN__DUPLICATE_METHOD_MATCH = YES;
				COPY_PHASE_STRIP = NO;
				DEBUG_INFORMATION_FORMAT = "dwarf-with-dsym";
				ENABLE_NS_ASSERTIONS = NO;
				ENABLE_STRICT_OBJC_MSGSEND = YES;
				GCC_C_LANGUAGE_STANDARD = gnu11;
				GCC_NO_COMMON_BLOCKS = YES;
				GCC_WARN_64_TO_32_BIT_CONVERSION = YES;
				GCC_WARN_ABOUT_RETURN_TYPE = YES_ERROR;
				GCC_WARN_UNDECLARED_SELECTOR = YES;
				GCC_WARN_UNINITIALIZED_AUTOS = YES_AGGRESSIVE;
				GCC_WARN_UNUSED_FUNCTION = YES;
				GCC_WARN_UNUSED_VARIABLE = YES;
				IPHONEOS_DEPLOYMENT_TARGET = 15.5;
				MTL_ENABLE_DEBUG_INFO = NO;
				MTL_FAST_MATH = YES;
				SDKROOT = iphoneos;
				SWIFT_COMPILATION_MODE = wholemodule;
				SWIFT_OPTIMIZATION_LEVEL = "-O";
				VALIDATE_PRODUCT = YES;
			};
			name = Release;
		};
		6EFE99692936814E009D3569 /* Debug */ = {
			isa = XCBuildConfiguration;
			buildSettings = {
				ASSETCATALOG_COMPILER_APPICON_NAME = AppIcon;
				ASSETCATALOG_COMPILER_GLOBAL_ACCENT_COLOR_NAME = AccentColor;
				CODE_SIGN_STYLE = Automatic;
				CURRENT_PROJECT_VERSION = 1;
				DEVELOPMENT_TEAM = 44BHC3G82R;
				GENERATE_INFOPLIST_FILE = YES;
				INFOPLIST_FILE = Movieva/Info.plist;
				INFOPLIST_KEY_UIApplicationSupportsIndirectInputEvents = YES;
				INFOPLIST_KEY_UILaunchStoryboardName = LaunchScreen;
				INFOPLIST_KEY_UIMainStoryboardFile = Main;
				INFOPLIST_KEY_UISupportedInterfaceOrientations_iPad = "UIInterfaceOrientationPortrait UIInterfaceOrientationPortraitUpsideDown UIInterfaceOrientationLandscapeLeft UIInterfaceOrientationLandscapeRight";
				INFOPLIST_KEY_UISupportedInterfaceOrientations_iPhone = "UIInterfaceOrientationPortrait UIInterfaceOrientationLandscapeLeft UIInterfaceOrientationLandscapeRight";
				LD_RUNPATH_SEARCH_PATHS = (
					"$(inherited)",
					"@executable_path/Frameworks",
				);
				MARKETING_VERSION = 1.0;
				PRODUCT_BUNDLE_IDENTIFIER = com.kerimozek.Movieva;
				PRODUCT_NAME = "$(TARGET_NAME)";
				SWIFT_EMIT_LOC_STRINGS = YES;
				SWIFT_VERSION = 5.0;
				TARGETED_DEVICE_FAMILY = "1,2";
			};
			name = Debug;
		};
		6EFE996A2936814E009D3569 /* Release */ = {
			isa = XCBuildConfiguration;
			buildSettings = {
				ASSETCATALOG_COMPILER_APPICON_NAME = AppIcon;
				ASSETCATALOG_COMPILER_GLOBAL_ACCENT_COLOR_NAME = AccentColor;
				CODE_SIGN_STYLE = Automatic;
				CURRENT_PROJECT_VERSION = 1;
				DEVELOPMENT_TEAM = 44BHC3G82R;
				GENERATE_INFOPLIST_FILE = YES;
				INFOPLIST_FILE = Movieva/Info.plist;
				INFOPLIST_KEY_UIApplicationSupportsIndirectInputEvents = YES;
				INFOPLIST_KEY_UILaunchStoryboardName = LaunchScreen;
				INFOPLIST_KEY_UIMainStoryboardFile = Main;
				INFOPLIST_KEY_UISupportedInterfaceOrientations_iPad = "UIInterfaceOrientationPortrait UIInterfaceOrientationPortraitUpsideDown UIInterfaceOrientationLandscapeLeft UIInterfaceOrientationLandscapeRight";
				INFOPLIST_KEY_UISupportedInterfaceOrientations_iPhone = "UIInterfaceOrientationPortrait UIInterfaceOrientationLandscapeLeft UIInterfaceOrientationLandscapeRight";
				LD_RUNPATH_SEARCH_PATHS = (
					"$(inherited)",
					"@executable_path/Frameworks",
				);
				MARKETING_VERSION = 1.0;
				PRODUCT_BUNDLE_IDENTIFIER = com.kerimozek.Movieva;
				PRODUCT_NAME = "$(TARGET_NAME)";
				SWIFT_EMIT_LOC_STRINGS = YES;
				SWIFT_VERSION = 5.0;
				TARGETED_DEVICE_FAMILY = "1,2";
			};
			name = Release;
		};
/* End XCBuildConfiguration section */

/* Begin XCConfigurationList section */
		6EFE994F2936814D009D3569 /* Build configuration list for PBXProject "Movieva" */ = {
			isa = XCConfigurationList;
			buildConfigurations = (
				6EFE99662936814E009D3569 /* Debug */,
				6EFE99672936814E009D3569 /* Release */,
			);
			defaultConfigurationIsVisible = 0;
			defaultConfigurationName = Release;
		};
		6EFE99682936814E009D3569 /* Build configuration list for PBXNativeTarget "Movieva" */ = {
			isa = XCConfigurationList;
			buildConfigurations = (
				6EFE99692936814E009D3569 /* Debug */,
				6EFE996A2936814E009D3569 /* Release */,
			);
			defaultConfigurationIsVisible = 0;
			defaultConfigurationName = Release;
		};
/* End XCConfigurationList section */

/* Begin XCRemoteSwiftPackageReference section */
		6EFE99A929378A86009D3569 /* XCRemoteSwiftPackageReference "Kingfisher" */ = {
			isa = XCRemoteSwiftPackageReference;
			repositoryURL = "https://github.com/onevcat/Kingfisher.git";
			requirement = {
				branch = master;
				kind = branch;
			};
		};
/* End XCRemoteSwiftPackageReference section */

/* Begin XCSwiftPackageProductDependency section */
		6EFE99AA29378A86009D3569 /* Kingfisher */ = {
			isa = XCSwiftPackageProductDependency;
			package = 6EFE99A929378A86009D3569 /* XCRemoteSwiftPackageReference "Kingfisher" */;
			productName = Kingfisher;
		};
/* End XCSwiftPackageProductDependency section */
	};
	rootObject = 6EFE994C2936814D009D3569 /* Project object */;
}
